
Microsoft Visual Studio Solution File, Format Version 12.00
# Visual Studio Version 17
VisualStudioVersion = 17.0.31903.59
MinimumVisualStudioVersion = 10.0.40219.1
Project("{2150E333-8FDC-42A3-9474-1A3956D46DE8}") = "src", "src", "{02EA681E-C7D8-13C7-8484-4AC65E1B71E8}"
EndProject
Project("{FAE04EC0-301F-11D3-BF4B-00C04F79EFBC}") = "ZitroShop.Modules", "src\ZitroShop.Modules\ZitroShop.Modules.csproj", "{58282394-4E75-44B3-ACE8-AE58C4A8107A}"
EndProject
Project("{FAE04EC0-301F-11D3-BF4B-00C04F79EFBC}") = "ZitroShop.Api", "src\ZitroShop.Api\ZitroShop.Api.csproj", "{907052F2-5710-4D4C-A8A2-3FF5ADDBC83E}"
EndProject
Project("{FAE04EC0-301F-11D3-BF4B-00C04F79EFBC}") = "ZitroShop.Shared", "src\ZitroShop.Shared\ZitroShop.Shared.csproj", "{EA6AE001-F09D-408D-AB8D-D749013BE170}"
EndProject
Global
	GlobalSection(SolutionConfigurationPlatforms) = preSolution
		Debug|Any CPU = Debug|Any CPU
		Release|Any CPU = Release|Any CPU
	EndGlobalSection
	GlobalSection(ProjectConfigurationPlatforms) = postSolution
		{58282394-4E75-44B3-ACE8-AE58C4A8107A}.Debug|Any CPU.ActiveCfg = Debug|Any CPU
		{58282394-4E75-44B3-ACE8-AE58C4A8107A}.Debug|Any CPU.Build.0 = Debug|Any CPU
		{58282394-4E75-44B3-ACE8-AE58C4A8107A}.Release|Any CPU.ActiveCfg = Release|Any CPU
		{58282394-4E75-44B3-ACE8-AE58C4A8107A}.Release|Any CPU.Build.0 = Release|Any CPU
		{907052F2-5710-4D4C-A8A2-3FF5ADDBC83E}.Debug|Any CPU.ActiveCfg = Debug|Any CPU
		{907052F2-5710-4D4C-A8A2-3FF5ADDBC83E}.Debug|Any CPU.Build.0 = Debug|Any CPU
		{907052F2-5710-4D4C-A8A2-3FF5ADDBC83E}.Release|Any CPU.ActiveCfg = Release|Any CPU
		{907052F2-5710-4D4C-A8A2-3FF5ADDBC83E}.Release|Any CPU.Build.0 = Release|Any CPU
		{EA6AE001-F09D-408D-AB8D-D749013BE170}.Debug|Any CPU.ActiveCfg = Debug|Any CPU
		{EA6AE001-F09D-408D-AB8D-D749013BE170}.Debug|Any CPU.Build.0 = Debug|Any CPU
		{EA6AE001-F09D-408D-AB8D-D749013BE170}.Release|Any CPU.ActiveCfg = Release|Any CPU
		{EA6AE001-F09D-408D-AB8D-D749013BE170}.Release|Any CPU.Build.0 = Release|Any CPU
	EndGlobalSection
	GlobalSection(SolutionProperties) = preSolution
		HideSolutionNode = FALSE
	EndGlobalSection
	GlobalSection(NestedProjects) = preSolution
		{58282394-4E75-44B3-ACE8-AE58C4A8107A} = {02EA681E-C7D8-13C7-8484-4AC65E1B71E8}
		{907052F2-5710-4D4C-A8A2-3FF5ADDBC83E} = {02EA681E-C7D8-13C7-8484-4AC65E1B71E8}
		{EA6AE001-F09D-408D-AB8D-D749013BE170} = {02EA681E-C7D8-13C7-8484-4AC65E1B71E8}
	EndGlobalSection
	GlobalSection(ExtensibilityGlobals) = postSolution
		SolutionGuid = {517830DE-6418-4210-8E2E-21E1FB27B744}
	EndGlobalSection
EndGlobal
